// !$*UTF8*$!
{
	archiveVersion = 1;
	classes = {
	};
	objectVersion = 50;
	objects = {

/* Begin PBXBuildFile section */
		B54C19BD231A3F88007DAB33 /* StoriesTableCell.swift in Sources */ = {isa = PBXBuildFile; fileRef = B54C19BB231A3F88007DAB33 /* StoriesTableCell.swift */; };
		B54C19BE231A3F88007DAB33 /* StoriesTableCell.xib in Resources */ = {isa = PBXBuildFile; fileRef = B54C19BC231A3F88007DAB33 /* StoriesTableCell.xib */; };
		B54C19C1231A4A91007DAB33 /* StoryCollectionViewCell.swift in Sources */ = {isa = PBXBuildFile; fileRef = B54C19BF231A4A91007DAB33 /* StoryCollectionViewCell.swift */; };
		B54C19C2231A4A91007DAB33 /* StoryCollectionViewCell.xib in Resources */ = {isa = PBXBuildFile; fileRef = B54C19C0231A4A91007DAB33 /* StoryCollectionViewCell.xib */; };
		B54C19C5231A6196007DAB33 /* FeedTableViewCell.swift in Sources */ = {isa = PBXBuildFile; fileRef = B54C19C3231A6196007DAB33 /* FeedTableViewCell.swift */; };
		B54C19C6231A6196007DAB33 /* FeedTableViewCell.xib in Resources */ = {isa = PBXBuildFile; fileRef = B54C19C4231A6196007DAB33 /* FeedTableViewCell.xib */; };
		B54C19C8231A8FA1007DAB33 /* ExploreCollectionViewCell.swift in Sources */ = {isa = PBXBuildFile; fileRef = B54C19C7231A8FA1007DAB33 /* ExploreCollectionViewCell.swift */; };
		B54C19CA231A9366007DAB33 /* SearchBarContainerView.swift in Sources */ = {isa = PBXBuildFile; fileRef = B54C19C9231A9366007DAB33 /* SearchBarContainerView.swift */; };
		B54C19CC231AA81B007DAB33 /* CollectionLayout.swift in Sources */ = {isa = PBXBuildFile; fileRef = B54C19CB231AA81B007DAB33 /* CollectionLayout.swift */; };
		B56B43DB23073A95009681AF /* AppDelegate.swift in Sources */ = {isa = PBXBuildFile; fileRef = B56B43DA23073A95009681AF /* AppDelegate.swift */; };
		B56B43DD23073A95009681AF /* SceneDelegate.swift in Sources */ = {isa = PBXBuildFile; fileRef = B56B43DC23073A95009681AF /* SceneDelegate.swift */; };
		B56B43E423073A98009681AF /* Assets.xcassets in Resources */ = {isa = PBXBuildFile; fileRef = B56B43E323073A98009681AF /* Assets.xcassets */; };
		B56B43E723073A98009681AF /* LaunchScreen.storyboard in Resources */ = {isa = PBXBuildFile; fileRef = B56B43E523073A98009681AF /* LaunchScreen.storyboard */; };
		B56B43F123073AEF009681AF /* Home.storyboard in Resources */ = {isa = PBXBuildFile; fileRef = B56B43F023073AEF009681AF /* Home.storyboard */; };
		B56B43F323073AFF009681AF /* Search.storyboard in Resources */ = {isa = PBXBuildFile; fileRef = B56B43F223073AFF009681AF /* Search.storyboard */; };
		B56B43F523073B10009681AF /* NewPost.storyboard in Resources */ = {isa = PBXBuildFile; fileRef = B56B43F423073B10009681AF /* NewPost.storyboard */; };
		B56B43F723073B1D009681AF /* Profile.storyboard in Resources */ = {isa = PBXBuildFile; fileRef = B56B43F623073B1D009681AF /* Profile.storyboard */; };
		B56B43F923073B2C009681AF /* Activity.storyboard in Resources */ = {isa = PBXBuildFile; fileRef = B56B43F823073B2C009681AF /* Activity.storyboard */; };
		B56B43FB23073B49009681AF /* HomeViewController.swift in Sources */ = {isa = PBXBuildFile; fileRef = B56B43FA23073B49009681AF /* HomeViewController.swift */; };
		B56B43FD23073B5B009681AF /* SearchViewController.swift in Sources */ = {isa = PBXBuildFile; fileRef = B56B43FC23073B5B009681AF /* SearchViewController.swift */; };
		B56B43FF23073B6A009681AF /* NewPostViewController.swift in Sources */ = {isa = PBXBuildFile; fileRef = B56B43FE23073B6A009681AF /* NewPostViewController.swift */; };
		B56B440123073B78009681AF /* ProfileViewController.swift in Sources */ = {isa = PBXBuildFile; fileRef = B56B440023073B78009681AF /* ProfileViewController.swift */; };
		B56B440323073B86009681AF /* ActivityViewController.swift in Sources */ = {isa = PBXBuildFile; fileRef = B56B440223073B86009681AF /* ActivityViewController.swift */; };
		B56B440E2307C1F9009681AF /* SimpleCameraView.swift in Sources */ = {isa = PBXBuildFile; fileRef = B56B440B2307C1F9009681AF /* SimpleCameraView.swift */; };
		B56B440F2307C1F9009681AF /* SimpleCamera.swift in Sources */ = {isa = PBXBuildFile; fileRef = B56B440C2307C1F9009681AF /* SimpleCamera.swift */; };
		B56B44102307C1F9009681AF /* SimpleCameraProtocol.swift in Sources */ = {isa = PBXBuildFile; fileRef = B56B440D2307C1F9009681AF /* SimpleCameraProtocol.swift */; };
		B5D7932C243FE99D005D2BC7 /* ActivityData.swift in Sources */ = {isa = PBXBuildFile; fileRef = B5D79329243FE99D005D2BC7 /* ActivityData.swift */; };
		B5D7932D243FE99D005D2BC7 /* FeedData.swift in Sources */ = {isa = PBXBuildFile; fileRef = B5D7932A243FE99D005D2BC7 /* FeedData.swift */; };
		B5D7932E243FE99D005D2BC7 /* UserData.swift in Sources */ = {isa = PBXBuildFile; fileRef = B5D7932B243FE99D005D2BC7 /* UserData.swift */; };
		B5D7933424415B5E005D2BC7 /* NewPostPageViewController.swift in Sources */ = {isa = PBXBuildFile; fileRef = B5D7933324415B5E005D2BC7 /* NewPostPageViewController.swift */; };
		B5D7933624415BD2005D2BC7 /* PhotoLibraryViewController.swift in Sources */ = {isa = PBXBuildFile; fileRef = B5D7933524415BD2005D2BC7 /* PhotoLibraryViewController.swift */; };
		B5D7933824415C1F005D2BC7 /* CameraViewController.swift in Sources */ = {isa = PBXBuildFile; fileRef = B5D7933724415C1F005D2BC7 /* CameraViewController.swift */; };
/* End PBXBuildFile section */

/* Begin PBXFileReference section */
		B54C19BB231A3F88007DAB33 /* StoriesTableCell.swift */ = {isa = PBXFileReference; lastKnownFileType = sourcecode.swift; path = StoriesTableCell.swift; sourceTree = "<group>"; };
		B54C19BC231A3F88007DAB33 /* StoriesTableCell.xib */ = {isa = PBXFileReference; lastKnownFileType = file.xib; path = StoriesTableCell.xib; sourceTree = "<group>"; };
		B54C19BF231A4A91007DAB33 /* StoryCollectionViewCell.swift */ = {isa = PBXFileReference; lastKnownFileType = sourcecode.swift; path = StoryCollectionViewCell.swift; sourceTree = "<group>"; };
		B54C19C0231A4A91007DAB33 /* StoryCollectionViewCell.xib */ = {isa = PBXFileReference; lastKnownFileType = file.xib; path = StoryCollectionViewCell.xib; sourceTree = "<group>"; };
		B54C19C3231A6196007DAB33 /* FeedTableViewCell.swift */ = {isa = PBXFileReference; lastKnownFileType = sourcecode.swift; path = FeedTableViewCell.swift; sourceTree = "<group>"; };
		B54C19C4231A6196007DAB33 /* FeedTableViewCell.xib */ = {isa = PBXFileReference; lastKnownFileType = file.xib; path = FeedTableViewCell.xib; sourceTree = "<group>"; };
		B54C19C7231A8FA1007DAB33 /* ExploreCollectionViewCell.swift */ = {isa = PBXFileReference; lastKnownFileType = sourcecode.swift; path = ExploreCollectionViewCell.swift; sourceTree = "<group>"; };
		B54C19C9231A9366007DAB33 /* SearchBarContainerView.swift */ = {isa = PBXFileReference; lastKnownFileType = sourcecode.swift; path = SearchBarContainerView.swift; sourceTree = "<group>"; };
		B54C19CB231AA81B007DAB33 /* CollectionLayout.swift */ = {isa = PBXFileReference; lastKnownFileType = sourcecode.swift; path = CollectionLayout.swift; sourceTree = "<group>"; };
		B56B43D723073A95009681AF /* InstagramClone.app */ = {isa = PBXFileReference; explicitFileType = wrapper.application; includeInIndex = 0; path = InstagramClone.app; sourceTree = BUILT_PRODUCTS_DIR; };
		B56B43DA23073A95009681AF /* AppDelegate.swift */ = {isa = PBXFileReference; lastKnownFileType = sourcecode.swift; path = AppDelegate.swift; sourceTree = "<group>"; };
		B56B43DC23073A95009681AF /* SceneDelegate.swift */ = {isa = PBXFileReference; lastKnownFileType = sourcecode.swift; path = SceneDelegate.swift; sourceTree = "<group>"; };
		B56B43E323073A98009681AF /* Assets.xcassets */ = {isa = PBXFileReference; lastKnownFileType = folder.assetcatalog; path = Assets.xcassets; sourceTree = "<group>"; };
		B56B43E623073A98009681AF /* Base */ = {isa = PBXFileReference; lastKnownFileType = file.storyboard; name = Base; path = Base.lproj/LaunchScreen.storyboard; sourceTree = "<group>"; };
		B56B43E823073A98009681AF /* Info.plist */ = {isa = PBXFileReference; lastKnownFileType = text.plist.xml; path = Info.plist; sourceTree = "<group>"; };
		B56B43F023073AEF009681AF /* Home.storyboard */ = {isa = PBXFileReference; lastKnownFileType = file.storyboard; path = Home.storyboard; sourceTree = "<group>"; };
		B56B43F223073AFF009681AF /* Search.storyboard */ = {isa = PBXFileReference; lastKnownFileType = file.storyboard; path = Search.storyboard; sourceTree = "<group>"; };
		B56B43F423073B10009681AF /* NewPost.storyboard */ = {isa = PBXFileReference; lastKnownFileType = file.storyboard; path = NewPost.storyboard; sourceTree = "<group>"; };
		B56B43F623073B1D009681AF /* Profile.storyboard */ = {isa = PBXFileReference; lastKnownFileType = file.storyboard; path = Profile.storyboard; sourceTree = "<group>"; };
		B56B43F823073B2C009681AF /* Activity.storyboard */ = {isa = PBXFileReference; lastKnownFileType = file.storyboard; path = Activity.storyboard; sourceTree = "<group>"; };
		B56B43FA23073B49009681AF /* HomeViewController.swift */ = {isa = PBXFileReference; lastKnownFileType = sourcecode.swift; path = HomeViewController.swift; sourceTree = "<group>"; };
		B56B43FC23073B5B009681AF /* SearchViewController.swift */ = {isa = PBXFileReference; lastKnownFileType = sourcecode.swift; path = SearchViewController.swift; sourceTree = "<group>"; };
		B56B43FE23073B6A009681AF /* NewPostViewController.swift */ = {isa = PBXFileReference; lastKnownFileType = sourcecode.swift; path = NewPostViewController.swift; sourceTree = "<group>"; };
		B56B440023073B78009681AF /* ProfileViewController.swift */ = {isa = PBXFileReference; lastKnownFileType = sourcecode.swift; path = ProfileViewController.swift; sourceTree = "<group>"; };
		B56B440223073B86009681AF /* ActivityViewController.swift */ = {isa = PBXFileReference; lastKnownFileType = sourcecode.swift; path = ActivityViewController.swift; sourceTree = "<group>"; };
		B56B440B2307C1F9009681AF /* SimpleCameraView.swift */ = {isa = PBXFileReference; fileEncoding = 4; lastKnownFileType = sourcecode.swift; path = SimpleCameraView.swift; sourceTree = "<group>"; };
		B56B440C2307C1F9009681AF /* SimpleCamera.swift */ = {isa = PBXFileReference; fileEncoding = 4; lastKnownFileType = sourcecode.swift; path = SimpleCamera.swift; sourceTree = "<group>"; };
		B56B440D2307C1F9009681AF /* SimpleCameraProtocol.swift */ = {isa = PBXFileReference; fileEncoding = 4; lastKnownFileType = sourcecode.swift; path = SimpleCameraProtocol.swift; sourceTree = "<group>"; };
		B5D79329243FE99D005D2BC7 /* ActivityData.swift */ = {isa = PBXFileReference; fileEncoding = 4; lastKnownFileType = sourcecode.swift; path = ActivityData.swift; sourceTree = "<group>"; };
		B5D7932A243FE99D005D2BC7 /* FeedData.swift */ = {isa = PBXFileReference; fileEncoding = 4; lastKnownFileType = sourcecode.swift; path = FeedData.swift; sourceTree = "<group>"; };
		B5D7932B243FE99D005D2BC7 /* UserData.swift */ = {isa = PBXFileReference; fileEncoding = 4; lastKnownFileType = sourcecode.swift; path = UserData.swift; sourceTree = "<group>"; };
		B5D7933324415B5E005D2BC7 /* NewPostPageViewController.swift */ = {isa = PBXFileReference; lastKnownFileType = sourcecode.swift; path = NewPostPageViewController.swift; sourceTree = "<group>"; };
		B5D7933524415BD2005D2BC7 /* PhotoLibraryViewController.swift */ = {isa = PBXFileReference; lastKnownFileType = sourcecode.swift; path = PhotoLibraryViewController.swift; sourceTree = "<group>"; };
		B5D7933724415C1F005D2BC7 /* CameraViewController.swift */ = {isa = PBXFileReference; lastKnownFileType = sourcecode.swift; path = CameraViewController.swift; sourceTree = "<group>"; };
/* End PBXFileReference section */

/* Begin PBXFrameworksBuildPhase section */
		B56B43D423073A95009681AF /* Frameworks */ = {
			isa = PBXFrameworksBuildPhase;
			buildActionMask = 2147483647;
			files = (
			);
			runOnlyForDeploymentPostprocessing = 0;
		};
/* End PBXFrameworksBuildPhase section */

/* Begin PBXGroup section */
		B54C19BA231A3EDA007DAB33 /* Views */ = {
			isa = PBXGroup;
			children = (
				B54C19BB231A3F88007DAB33 /* StoriesTableCell.swift */,
				B54C19BC231A3F88007DAB33 /* StoriesTableCell.xib */,
				B54C19BF231A4A91007DAB33 /* StoryCollectionViewCell.swift */,
				B54C19C0231A4A91007DAB33 /* StoryCollectionViewCell.xib */,
				B54C19C3231A6196007DAB33 /* FeedTableViewCell.swift */,
				B54C19C4231A6196007DAB33 /* FeedTableViewCell.xib */,
				B54C19C7231A8FA1007DAB33 /* ExploreCollectionViewCell.swift */,
				B54C19C9231A9366007DAB33 /* SearchBarContainerView.swift */,
			);
			path = Views;
			sourceTree = "<group>";
		};
		B56B43CE23073A95009681AF = {
			isa = PBXGroup;
			children = (
				B56B43D923073A95009681AF /* InstagramClone */,
				B56B43D823073A95009681AF /* Products */,
			);
			sourceTree = "<group>";
		};
		B56B43D823073A95009681AF /* Products */ = {
			isa = PBXGroup;
			children = (
				B56B43D723073A95009681AF /* InstagramClone.app */,
			);
			name = Products;
			sourceTree = "<group>";
		};
		B56B43D923073A95009681AF /* InstagramClone */ = {
			isa = PBXGroup;
			children = (
				B54C19CB231AA81B007DAB33 /* CollectionLayout.swift */,
				B5D79328243FE958005D2BC7 /* Deta */,
				B54C19BA231A3EDA007DAB33 /* Views */,
				B56B44082307C194009681AF /* Library */,
				B56B43DA23073A95009681AF /* AppDelegate.swift */,
				B56B43EF23073AD7009681AF /* ViewController */,
				B56B43EE23073ACE009681AF /* Storyboard */,
				B56B43DC23073A95009681AF /* SceneDelegate.swift */,
				B56B43E323073A98009681AF /* Assets.xcassets */,
				B56B43E523073A98009681AF /* LaunchScreen.storyboard */,
				B56B43E823073A98009681AF /* Info.plist */,
			);
			path = InstagramClone;
			sourceTree = "<group>";
		};
		B56B43EE23073ACE009681AF /* Storyboard */ = {
			isa = PBXGroup;
			children = (
				B56B43F023073AEF009681AF /* Home.storyboard */,
				B56B43F223073AFF009681AF /* Search.storyboard */,
				B56B43F423073B10009681AF /* NewPost.storyboard */,
				B56B43F623073B1D009681AF /* Profile.storyboard */,
				B56B43F823073B2C009681AF /* Activity.storyboard */,
			);
			path = Storyboard;
			sourceTree = "<group>";
		};
		B56B43EF23073AD7009681AF /* ViewController */ = {
			isa = PBXGroup;
			children = (
				B56B43FA23073B49009681AF /* HomeViewController.swift */,
				B56B43FC23073B5B009681AF /* SearchViewController.swift */,
				B56B43FE23073B6A009681AF /* NewPostViewController.swift */,
				B56B440023073B78009681AF /* ProfileViewController.swift */,
				B56B440223073B86009681AF /* ActivityViewController.swift */,
				B5D7933324415B5E005D2BC7 /* NewPostPageViewController.swift */,
				B5D7933524415BD2005D2BC7 /* PhotoLibraryViewController.swift */,
				B5D7933724415C1F005D2BC7 /* CameraViewController.swift */,
			);
			path = ViewController;
			sourceTree = "<group>";
		};
		B56B44082307C194009681AF /* Library */ = {
			isa = PBXGroup;
			children = (
				B56B440A2307C1BF009681AF /* SimpleCamera */,
			);
			path = Library;
			sourceTree = "<group>";
		};
		B56B440A2307C1BF009681AF /* SimpleCamera */ = {
			isa = PBXGroup;
			children = (
				B56B440C2307C1F9009681AF /* SimpleCamera.swift */,
				B56B440D2307C1F9009681AF /* SimpleCameraProtocol.swift */,
				B56B440B2307C1F9009681AF /* SimpleCameraView.swift */,
			);
			path = SimpleCamera;
			sourceTree = "<group>";
		};
		B5D79328243FE958005D2BC7 /* Deta */ = {
			isa = PBXGroup;
			children = (
				B5D79329243FE99D005D2BC7 /* ActivityData.swift */,
				B5D7932A243FE99D005D2BC7 /* FeedData.swift */,
				B5D7932B243FE99D005D2BC7 /* UserData.swift */,
			);
			path = Deta;
			sourceTree = "<group>";
		};
/* End PBXGroup section */

/* Begin PBXNativeTarget section */
		B56B43D623073A95009681AF /* InstagramClone */ = {
			isa = PBXNativeTarget;
			buildConfigurationList = B56B43EB23073A98009681AF /* Build configuration list for PBXNativeTarget "InstagramClone" */;
			buildPhases = (
				B56B43D323073A95009681AF /* Sources */,
				B56B43D423073A95009681AF /* Frameworks */,
				B56B43D523073A95009681AF /* Resources */,
			);
			buildRules = (
			);
			dependencies = (
			);
			name = InstagramClone;
			productName = InstagramClone;
			productReference = B56B43D723073A95009681AF /* InstagramClone.app */;
			productType = "com.apple.product-type.application";
		};
/* End PBXNativeTarget section */

/* Begin PBXProject section */
		B56B43CF23073A95009681AF /* Project object */ = {
			isa = PBXProject;
			attributes = {
				LastSwiftUpdateCheck = 1100;
				LastUpgradeCheck = 1130;
				ORGANIZATIONNAME = "Mahesh Prasad";
				TargetAttributes = {
					B56B43D623073A95009681AF = {
						CreatedOnToolsVersion = 11.0;
					};
				};
			};
			buildConfigurationList = B56B43D223073A95009681AF /* Build configuration list for PBXProject "InstagramClone" */;
			compatibilityVersion = "Xcode 9.3";
			developmentRegion = en;
			hasScannedForEncodings = 0;
			knownRegions = (
				en,
				Base,
			);
			mainGroup = B56B43CE23073A95009681AF;
			productRefGroup = B56B43D823073A95009681AF /* Products */;
			projectDirPath = "";
			projectRoot = "";
			targets = (
				B56B43D623073A95009681AF /* InstagramClone */,
			);
		};
/* End PBXProject section */

/* Begin PBXResourcesBuildPhase section */
		B56B43D523073A95009681AF /* Resources */ = {
			isa = PBXResourcesBuildPhase;
			buildActionMask = 2147483647;
			files = (
				B56B43F723073B1D009681AF /* Profile.storyboard in Resources */,
				B54C19C6231A6196007DAB33 /* FeedTableViewCell.xib in Resources */,
				B56B43F523073B10009681AF /* NewPost.storyboard in Resources */,
				B56B43F123073AEF009681AF /* Home.storyboard in Resources */,
				B56B43E723073A98009681AF /* LaunchScreen.storyboard in Resources */,
				B54C19C2231A4A91007DAB33 /* StoryCollectionViewCell.xib in Resources */,
				B56B43F923073B2C009681AF /* Activity.storyboard in Resources */,
				B56B43F323073AFF009681AF /* Search.storyboard in Resources */,
				B54C19BE231A3F88007DAB33 /* StoriesTableCell.xib in Resources */,
				B56B43E423073A98009681AF /* Assets.xcassets in Resources */,
			);
			runOnlyForDeploymentPostprocessing = 0;
		};
/* End PBXResourcesBuildPhase section */

/* Begin PBXSourcesBuildPhase section */
		B56B43D323073A95009681AF /* Sources */ = {
			isa = PBXSourcesBuildPhase;
			buildActionMask = 2147483647;
			files = (
				B56B44102307C1F9009681AF /* SimpleCameraProtocol.swift in Sources */,
				B56B440123073B78009681AF /* ProfileViewController.swift in Sources */,
				B56B43DB23073A95009681AF /* AppDelegate.swift in Sources */,
				B5D7932E243FE99D005D2BC7 /* UserData.swift in Sources */,
				B56B43DD23073A95009681AF /* SceneDelegate.swift in Sources */,
				B5D7933624415BD2005D2BC7 /* PhotoLibraryViewController.swift in Sources */,
				B54C19C1231A4A91007DAB33 /* StoryCollectionViewCell.swift in Sources */,
				B54C19C5231A6196007DAB33 /* FeedTableViewCell.swift in Sources */,
				B56B43FD23073B5B009681AF /* SearchViewController.swift in Sources */,
				B56B440F2307C1F9009681AF /* SimpleCamera.swift in Sources */,
				B54C19C8231A8FA1007DAB33 /* ExploreCollectionViewCell.swift in Sources */,
				B5D7933824415C1F005D2BC7 /* CameraViewController.swift in Sources */,
				B5D7933424415B5E005D2BC7 /* NewPostPageViewController.swift in Sources */,
				B54C19CA231A9366007DAB33 /* SearchBarContainerView.swift in Sources */,
				B54C19BD231A3F88007DAB33 /* StoriesTableCell.swift in Sources */,
				B5D7932C243FE99D005D2BC7 /* ActivityData.swift in Sources */,
				B54C19CC231AA81B007DAB33 /* CollectionLayout.swift in Sources */,
				B56B440323073B86009681AF /* ActivityViewController.swift in Sources */,
				B56B43FB23073B49009681AF /* HomeViewController.swift in Sources */,
				B5D7932D243FE99D005D2BC7 /* FeedData.swift in Sources */,
				B56B43FF23073B6A009681AF /* NewPostViewController.swift in Sources */,
				B56B440E2307C1F9009681AF /* SimpleCameraView.swift in Sources */,
			);
			runOnlyForDeploymentPostprocessing = 0;
		};
/* End PBXSourcesBuildPhase section */

/* Begin PBXVariantGroup section */
		B56B43E523073A98009681AF /* LaunchScreen.storyboard */ = {
			isa = PBXVariantGroup;
			children = (
				B56B43E623073A98009681AF /* Base */,
			);
			name = LaunchScreen.storyboard;
			sourceTree = "<group>";
		};
/* End PBXVariantGroup section */

/* Begin XCBuildConfiguration section */
		B56B43E923073A98009681AF /* Debug */ = {
			isa = XCBuildConfiguration;
			buildSettings = {
				ALWAYS_SEARCH_USER_PATHS = NO;
				CLANG_ANALYZER_NONNULL = YES;
				CLANG_ANALYZER_NUMBER_OBJECT_CONVERSION = YES_AGGRESSIVE;
				CLANG_CXX_LANGUAGE_STANDARD = "gnu++14";
				CLANG_CXX_LIBRARY = "libc++";
				CLANG_ENABLE_MODULES = YES;
				CLANG_ENABLE_OBJC_ARC = YES;
				CLANG_ENABLE_OBJC_WEAK = YES;
				CLANG_WARN_BLOCK_CAPTURE_AUTORELEASING = YES;
				CLANG_WARN_BOOL_CONVERSION = YES;
				CLANG_WARN_COMMA = YES;
				CLANG_WARN_CONSTANT_CONVERSION = YES;
				CLANG_WARN_DEPRECATED_OBJC_IMPLEMENTATIONS = YES;
				CLANG_WARN_DIRECT_OBJC_ISA_USAGE = YES_ERROR;
				CLANG_WARN_DOCUMENTATION_COMMENTS = YES;
				CLANG_WARN_EMPTY_BODY = YES;
				CLANG_WARN_ENUM_CONVERSION = YES;
				CLANG_WARN_INFINITE_RECURSION = YES;
				CLANG_WARN_INT_CONVERSION = YES;
				CLANG_WARN_NON_LITERAL_NULL_CONVERSION = YES;
				CLANG_WARN_OBJC_IMPLICIT_RETAIN_SELF = YES;
				CLANG_WARN_OBJC_LITERAL_CONVERSION = YES;
				CLANG_WARN_OBJC_ROOT_CLASS = YES_ERROR;
				CLANG_WARN_RANGE_LOOP_ANALYSIS = YES;
				CLANG_WARN_STRICT_PROTOTYPES = YES;
				CLANG_WARN_SUSPICIOUS_MOVE = YES;
				CLANG_WARN_UNGUARDED_AVAILABILITY = YES_AGGRESSIVE;
				CLANG_WARN_UNREACHABLE_CODE = YES;
				CLANG_WARN__DUPLICATE_METHOD_MATCH = YES;
				COPY_PHASE_STRIP = NO;
				DEBUG_INFORMATION_FORMAT = dwarf;
				ENABLE_STRICT_OBJC_MSGSEND = YES;
				ENABLE_TESTABILITY = YES;
				GCC_C_LANGUAGE_STANDARD = gnu11;
				GCC_DYNAMIC_NO_PIC = NO;
				GCC_NO_COMMON_BLOCKS = YES;
				GCC_OPTIMIZATION_LEVEL = 0;
				GCC_PREPROCESSOR_DEFINITIONS = (
					"DEBUG=1",
					"$(inherited)",
				);
				GCC_WARN_64_TO_32_BIT_CONVERSION = YES;
				GCC_WARN_ABOUT_RETURN_TYPE = YES_ERROR;
				GCC_WARN_UNDECLARED_SELECTOR = YES;
				GCC_WARN_UNINITIALIZED_AUTOS = YES_AGGRESSIVE;
				GCC_WARN_UNUSED_FUNCTION = YES;
				GCC_WARN_UNUSED_VARIABLE = YES;
				IPHONEOS_DEPLOYMENT_TARGET = 13.0;
				MTL_ENABLE_DEBUG_INFO = INCLUDE_SOURCE;
				MTL_FAST_MATH = YES;
				ONLY_ACTIVE_ARCH = YES;
				SDKROOT = iphoneos;
				SWIFT_ACTIVE_COMPILATION_CONDITIONS = DEBUG;
				SWIFT_OPTIMIZATION_LEVEL = "-Onone";
			};
			name = Debug;
		};
		B56B43EA23073A98009681AF /* Release */ = {
			isa = XCBuildConfiguration;
			buildSettings = {
				ALWAYS_SEARCH_USER_PATHS = NO;
				CLANG_ANALYZER_NONNULL = YES;
				CLANG_ANALYZER_NUMBER_OBJECT_CONVERSION = YES_AGGRESSIVE;
				CLANG_CXX_LANGUAGE_STANDARD = "gnu++14";
				CLANG_CXX_LIBRARY = "libc++";
				CLANG_ENABLE_MODULES = YES;
				CLANG_ENABLE_OBJC_ARC = YES;
				CLANG_ENABLE_OBJC_WEAK = YES;
				CLANG_WARN_BLOCK_CAPTURE_AUTORELEASING = YES;
				CLANG_WARN_BOOL_CONVERSION = YES;
				CLANG_WARN_COMMA = YES;
				CLANG_WARN_CONSTANT_CONVERSION = YES;
				CLANG_WARN_DEPRECATED_OBJC_IMPLEMENTATIONS = YES;
				CLANG_WARN_DIRECT_OBJC_ISA_USAGE = YES_ERROR;
				CLANG_WARN_DOCUMENTATION_COMMENTS = YES;
				CLANG_WARN_EMPTY_BODY = YES;
				CLANG_WARN_ENUM_CONVERSION = YES;
				CLANG_WARN_INFINITE_RECURSION = YES;
				CLANG_WARN_INT_CONVERSION = YES;
				CLANG_WARN_NON_LITERAL_NULL_CONVERSION = YES;
				CLANG_WARN_OBJC_IMPLICIT_RETAIN_SELF = YES;
				CLANG_WARN_OBJC_LITERAL_CONVERSION = YES;
				CLANG_WARN_OBJC_ROOT_CLASS = YES_ERROR;
				CLANG_WARN_RANGE_LOOP_ANALYSIS = YES;
				CLANG_WARN_STRICT_PROTOTYPES = YES;
				CLANG_WARN_SUSPICIOUS_MOVE = YES;
				CLANG_WARN_UNGUARDED_AVAILABILITY = YES_AGGRESSIVE;
				CLANG_WARN_UNREACHABLE_CODE = YES;
				CLANG_WARN__DUPLICATE_METHOD_MATCH = YES;
				COPY_PHASE_STRIP = NO;
				DEBUG_INFORMATION_FORMAT = "dwarf-with-dsym";
				ENABLE_NS_ASSERTIONS = NO;
				ENABLE_STRICT_OBJC_MSGSEND = YES;
				GCC_C_LANGUAGE_STANDARD = gnu11;
				GCC_NO_COMMON_BLOCKS = YES;
				GCC_WARN_64_TO_32_BIT_CONVERSION = YES;
				GCC_WARN_ABOUT_RETURN_TYPE = YES_ERROR;
				GCC_WARN_UNDECLARED_SELECTOR = YES;
				GCC_WARN_UNINITIALIZED_AUTOS = YES_AGGRESSIVE;
				GCC_WARN_UNUSED_FUNCTION = YES;
				GCC_WARN_UNUSED_VARIABLE = YES;
				IPHONEOS_DEPLOYMENT_TARGET = 13.0;
				MTL_ENABLE_DEBUG_INFO = NO;
				MTL_FAST_MATH = YES;
				SDKROOT = iphoneos;
				SWIFT_COMPILATION_MODE = wholemodule;
				SWIFT_OPTIMIZATION_LEVEL = "-O";
				VALIDATE_PRODUCT = YES;
			};
			name = Release;
		};
		B56B43EC23073A98009681AF /* Debug */ = {
			isa = XCBuildConfiguration;
			buildSettings = {
				ASSETCATALOG_COMPILER_APPICON_NAME = AppIcon;
				CODE_SIGN_STYLE = Automatic;
				DEVELOPMENT_TEAM = 84W8QG5399;
				INFOPLIST_FILE = InstagramClone/Info.plist;
				IPHONEOS_DEPLOYMENT_TARGET = 11.0;
				LD_RUNPATH_SEARCH_PATHS = (
					"$(inherited)",
					"@executable_path/Frameworks",
				);
				PRODUCT_BUNDLE_IDENTIFIER = com.createapps.InstagramClone.InstagramClone;
				PRODUCT_NAME = "$(TARGET_NAME)";
				SWIFT_VERSION = 5.0;
				TARGETED_DEVICE_FAMILY = 1;
			};
			name = Debug;
		};
		B56B43ED23073A98009681AF /* Release */ = {
			isa = XCBuildConfiguration;
			buildSettings = {
				ASSETCATALOG_COMPILER_APPICON_NAME = AppIcon;
				CODE_SIGN_STYLE = Automatic;
				DEVELOPMENT_TEAM = 84W8QG5399;
				INFOPLIST_FILE = InstagramClone/Info.plist;
				IPHONEOS_DEPLOYMENT_TARGET = 11.0;
				LD_RUNPATH_SEARCH_PATHS = (
					"$(inherited)",
					"@executable_path/Frameworks",
				);
				PRODUCT_BUNDLE_IDENTIFIER = com.createapps.InstagramClone.InstagramClone;
				PRODUCT_NAME = "$(TARGET_NAME)";
				SWIFT_VERSION = 5.0;
				TARGETED_DEVICE_FAMILY = 1;
			};
			name = Release;
		};
/* End XCBuildConfiguration section */

/* Begin XCConfigurationList section */
		B56B43D223073A95009681AF /* Build configuration list for PBXProject "InstagramClone" */ = {
			isa = XCConfigurationList;
			buildConfigurations = (
				B56B43E923073A98009681AF /* Debug */,
				B56B43EA23073A98009681AF /* Release */,
			);
			defaultConfigurationIsVisible = 0;
			defaultConfigurationName = Release;
		};
		B56B43EB23073A98009681AF /* Build configuration list for PBXNativeTarget "InstagramClone" */ = {
			isa = XCConfigurationList;
			buildConfigurations = (
				B56B43EC23073A98009681AF /* Debug */,
				B56B43ED23073A98009681AF /* Release */,
			);
			defaultConfigurationIsVisible = 0;
			defaultConfigurationName = Release;
		};
/* End XCConfigurationList section */
	};
	rootObject = B56B43CF23073A95009681AF /* Project object */;
}
